// !$*UTF8*$!
{
	archiveVersion = 1;
	classes = {
	};
	objectVersion = 50;
	objects = {

/* Begin PBXBuildFile section */
		8707CB37228BF37700EF7A55 /* WaterCollectionViewCell.swift in Sources */ = {isa = PBXBuildFile; fileRef = 8707CB36228BF37700EF7A55 /* WaterCollectionViewCell.swift */; };
		8707CB39228BF44400EF7A55 /* MeditationCollectionViewCell.swift in Sources */ = {isa = PBXBuildFile; fileRef = 8707CB38228BF44400EF7A55 /* MeditationCollectionViewCell.swift */; };
		879129BC227C846F0043C2A3 /* AppDelegate.swift in Sources */ = {isa = PBXBuildFile; fileRef = 879129BB227C846F0043C2A3 /* AppDelegate.swift */; };
		879129C3227C84720043C2A3 /* Assets.xcassets in Resources */ = {isa = PBXBuildFile; fileRef = 879129C2227C84720043C2A3 /* Assets.xcassets */; };
		879129C6227C84720043C2A3 /* LaunchScreen.storyboard in Resources */ = {isa = PBXBuildFile; fileRef = 879129C4227C84720043C2A3 /* LaunchScreen.storyboard */; };
		879129D1227C85040043C2A3 /* MainViewController.swift in Sources */ = {isa = PBXBuildFile; fileRef = 879129D0227C85040043C2A3 /* MainViewController.swift */; };
		879129D3227C85230043C2A3 /* WaterViewController.swift in Sources */ = {isa = PBXBuildFile; fileRef = 879129D2227C85230043C2A3 /* WaterViewController.swift */; };
		879129D5227C85470043C2A3 /* MeditationViewController.swift in Sources */ = {isa = PBXBuildFile; fileRef = 879129D4227C85470043C2A3 /* MeditationViewController.swift */; };
/* End PBXBuildFile section */

/* Begin PBXFileReference section */
		8707CB36228BF37700EF7A55 /* WaterCollectionViewCell.swift */ = {isa = PBXFileReference; lastKnownFileType = sourcecode.swift; path = WaterCollectionViewCell.swift; sourceTree = "<group>"; };
		8707CB38228BF44400EF7A55 /* MeditationCollectionViewCell.swift */ = {isa = PBXFileReference; lastKnownFileType = sourcecode.swift; path = MeditationCollectionViewCell.swift; sourceTree = "<group>"; };
		879129B8227C846F0043C2A3 /* sleepy.app */ = {isa = PBXFileReference; explicitFileType = wrapper.application; includeInIndex = 0; path = sleepy.app; sourceTree = BUILT_PRODUCTS_DIR; };
		879129BB227C846F0043C2A3 /* AppDelegate.swift */ = {isa = PBXFileReference; lastKnownFileType = sourcecode.swift; path = AppDelegate.swift; sourceTree = "<group>"; };
		879129C2227C84720043C2A3 /* Assets.xcassets */ = {isa = PBXFileReference; lastKnownFileType = folder.assetcatalog; path = Assets.xcassets; sourceTree = "<group>"; };
		879129C5227C84720043C2A3 /* Base */ = {isa = PBXFileReference; lastKnownFileType = file.storyboard; name = Base; path = Base.lproj/LaunchScreen.storyboard; sourceTree = "<group>"; };
		879129C7227C84720043C2A3 /* Info.plist */ = {isa = PBXFileReference; lastKnownFileType = text.plist.xml; path = Info.plist; sourceTree = "<group>"; };
		879129D0227C85040043C2A3 /* MainViewController.swift */ = {isa = PBXFileReference; lastKnownFileType = sourcecode.swift; path = MainViewController.swift; sourceTree = "<group>"; };
		879129D2227C85230043C2A3 /* WaterViewController.swift */ = {isa = PBXFileReference; lastKnownFileType = sourcecode.swift; path = WaterViewController.swift; sourceTree = "<group>"; };
		879129D4227C85470043C2A3 /* MeditationViewController.swift */ = {isa = PBXFileReference; lastKnownFileType = sourcecode.swift; path = MeditationViewController.swift; sourceTree = "<group>"; };
/* End PBXFileReference section */

/* Begin PBXFrameworksBuildPhase section */
		879129B5227C846F0043C2A3 /* Frameworks */ = {
			isa = PBXFrameworksBuildPhase;
			buildActionMask = 2147483647;
			files = (
			);
			runOnlyForDeploymentPostprocessing = 0;
		};
/* End PBXFrameworksBuildPhase section */

/* Begin PBXGroup section */
		8707CB33228BE7C200EF7A55 /* Views */ = {
			isa = PBXGroup;
			children = (
				8707CB36228BF37700EF7A55 /* WaterCollectionViewCell.swift */,
				8707CB38228BF44400EF7A55 /* MeditationCollectionViewCell.swift */,
			);
			path = Views;
			sourceTree = "<group>";
		};
		879129AF227C846F0043C2A3 = {
			isa = PBXGroup;
			children = (
				879129BA227C846F0043C2A3 /* sleepy */,
				879129B9227C846F0043C2A3 /* Products */,
			);
			sourceTree = "<group>";
		};
		879129B9227C846F0043C2A3 /* Products */ = {
			isa = PBXGroup;
			children = (
				879129B8227C846F0043C2A3 /* sleepy.app */,
			);
			name = Products;
			sourceTree = "<group>";
		};
		879129BA227C846F0043C2A3 /* sleepy */ = {
			isa = PBXGroup;
			children = (
				8707CB33228BE7C200EF7A55 /* Views */,
				879129CF227C84ED0043C2A3 /* Tab Controller */,
				879129CE227C84E20043C2A3 /* View Controllers */,
				879129CD227C84920043C2A3 /* Support Files */,
				879129C2227C84720043C2A3 /* Assets.xcassets */,
				879129C4227C84720043C2A3 /* LaunchScreen.storyboard */,
				879129C7227C84720043C2A3 /* Info.plist */,
			);
			path = sleepy;
			sourceTree = "<group>";
		};
		879129CD227C84920043C2A3 /* Support Files */ = {
			isa = PBXGroup;
			children = (
				879129BB227C846F0043C2A3 /* AppDelegate.swift */,
			);
			path = "Support Files";
			sourceTree = "<group>";
		};
		879129CE227C84E20043C2A3 /* View Controllers */ = {
			isa = PBXGroup;
			children = (
				879129D2227C85230043C2A3 /* WaterViewController.swift */,
				879129D4227C85470043C2A3 /* MeditationViewController.swift */,
			);
			path = "View Controllers";
			sourceTree = "<group>";
		};
		879129CF227C84ED0043C2A3 /* Tab Controller */ = {
			isa = PBXGroup;
			children = (
				879129D0227C85040043C2A3 /* MainViewController.swift */,
			);
			path = "Tab Controller";
			sourceTree = "<group>";
		};
/* End PBXGroup section */

/* Begin PBXNativeTarget section */
		879129B7227C846F0043C2A3 /* sleepy */ = {
			isa = PBXNativeTarget;
			buildConfigurationList = 879129CA227C84720043C2A3 /* Build configuration list for PBXNativeTarget "sleepy" */;
			buildPhases = (
				879129B4227C846F0043C2A3 /* Sources */,
				879129B5227C846F0043C2A3 /* Frameworks */,
				879129B6227C846F0043C2A3 /* Resources */,
			);
			buildRules = (
			);
			dependencies = (
			);
			name = sleepy;
			productName = sleepy;
			productReference = 879129B8227C846F0043C2A3 /* sleepy.app */;
			productType = "com.apple.product-type.application";
		};
/* End PBXNativeTarget section */

/* Begin PBXProject section */
		879129B0227C846F0043C2A3 /* Project object */ = {
			isa = PBXProject;
			attributes = {
				LastSwiftUpdateCheck = 1020;
				LastUpgradeCheck = 1020;
				ORGANIZATIONNAME = Grace;
				TargetAttributes = {
					879129B7227C846F0043C2A3 = {
						CreatedOnToolsVersion = 10.2;
					};
				};
			};
			buildConfigurationList = 879129B3227C846F0043C2A3 /* Build configuration list for PBXProject "sleepy" */;
			compatibilityVersion = "Xcode 9.3";
			developmentRegion = en;
			hasScannedForEncodings = 0;
			knownRegions = (
				en,
				Base,
			);
			mainGroup = 879129AF227C846F0043C2A3;
			productRefGroup = 879129B9227C846F0043C2A3 /* Products */;
			projectDirPath = "";
			projectRoot = "";
			targets = (
				879129B7227C846F0043C2A3 /* sleepy */,
			);
		};
/* End PBXProject section */

/* Begin PBXResourcesBuildPhase section */
		879129B6227C846F0043C2A3 /* Resources */ = {
			isa = PBXResourcesBuildPhase;
			buildActionMask = 2147483647;
			files = (
				879129C6227C84720043C2A3 /* LaunchScreen.storyboard in Resources */,
				879129C3227C84720043C2A3 /* Assets.xcassets in Resources */,
			);
			runOnlyForDeploymentPostprocessing = 0;
		};
/* End PBXResourcesBuildPhase section */

/* Begin PBXSourcesBuildPhase section */
		879129B4227C846F0043C2A3 /* Sources */ = {
			isa = PBXSourcesBuildPhase;
			buildActionMask = 2147483647;
			files = (
				879129D1227C85040043C2A3 /* MainViewController.swift in Sources */,
				879129D5227C85470043C2A3 /* MeditationViewController.swift in Sources */,
				8707CB39228BF44400EF7A55 /* MeditationCollectionViewCell.swift in Sources */,
				8707CB37228BF37700EF7A55 /* WaterCollectionViewCell.swift in Sources */,
				879129D3227C85230043C2A3 /* WaterViewController.swift in Sources */,
				879129BC227C846F0043C2A3 /* AppDelegate.swift in Sources */,
			);
			runOnlyForDeploymentPostprocessing = 0;
		};
/* End PBXSourcesBuildPhase section */

/* Begin PBXVariantGroup section */
		879129C4227C84720043C2A3 /* LaunchScreen.storyboard */ = {
			isa = PBXVariantGroup;
			children = (
				879129C5227C84720043C2A3 /* Base */,
			);
			name = LaunchScreen.storyboard;
			sourceTree = "<group>";
		};
/* End PBXVariantGroup section */

/* Begin XCBuildConfiguration section */
		879129C8227C84720043C2A3 /* Debug */ = {
			isa = XCBuildConfiguration;
			buildSettings = {
				ALWAYS_SEARCH_USER_PATHS = NO;
				CLANG_ANALYZER_NONNULL = YES;
				CLANG_ANALYZER_NUMBER_OBJECT_CONVERSION = YES_AGGRESSIVE;
				CLANG_CXX_LANGUAGE_STANDARD = "gnu++14";
				CLANG_CXX_LIBRARY = "libc++";
				CLANG_ENABLE_MODULES = YES;
				CLANG_ENABLE_OBJC_ARC = YES;
				CLANG_ENABLE_OBJC_WEAK = YES;
				CLANG_WARN_BLOCK_CAPTURE_AUTORELEASING = YES;
				CLANG_WARN_BOOL_CONVERSION = YES;
				CLANG_WARN_COMMA = YES;
				CLANG_WARN_CONSTANT_CONVERSION = YES;
				CLANG_WARN_DEPRECATED_OBJC_IMPLEMENTATIONS = YES;
				CLANG_WARN_DIRECT_OBJC_ISA_USAGE = YES_ERROR;
				CLANG_WARN_DOCUMENTATION_COMMENTS = YES;
				CLANG_WARN_EMPTY_BODY = YES;
				CLANG_WARN_ENUM_CONVERSION = YES;
				CLANG_WARN_INFINITE_RECURSION = YES;
				CLANG_WARN_INT_CONVERSION = YES;
				CLANG_WARN_NON_LITERAL_NULL_CONVERSION = YES;
				CLANG_WARN_OBJC_IMPLICIT_RETAIN_SELF = YES;
				CLANG_WARN_OBJC_LITERAL_CONVERSION = YES;
				CLANG_WARN_OBJC_ROOT_CLASS = YES_ERROR;
				CLANG_WARN_RANGE_LOOP_ANALYSIS = YES;
				CLANG_WARN_STRICT_PROTOTYPES = YES;
				CLANG_WARN_SUSPICIOUS_MOVE = YES;
				CLANG_WARN_UNGUARDED_AVAILABILITY = YES_AGGRESSIVE;
				CLANG_WARN_UNREACHABLE_CODE = YES;
				CLANG_WARN__DUPLICATE_METHOD_MATCH = YES;
				CODE_SIGN_IDENTITY = "iPhone Developer";
				COPY_PHASE_STRIP = NO;
				DEBUG_INFORMATION_FORMAT = dwarf;
				ENABLE_STRICT_OBJC_MSGSEND = YES;
				ENABLE_TESTABILITY = YES;
				GCC_C_LANGUAGE_STANDARD = gnu11;
				GCC_DYNAMIC_NO_PIC = NO;
				GCC_NO_COMMON_BLOCKS = YES;
				GCC_OPTIMIZATION_LEVEL = 0;
				GCC_PREPROCESSOR_DEFINITIONS = (
					"DEBUG=1",
					"$(inherited)",
				);
				GCC_WARN_64_TO_32_BIT_CONVERSION = YES;
				GCC_WARN_ABOUT_RETURN_TYPE = YES_ERROR;
				GCC_WARN_UNDECLARED_SELECTOR = YES;
				GCC_WARN_UNINITIALIZED_AUTOS = YES_AGGRESSIVE;
				GCC_WARN_UNUSED_FUNCTION = YES;
				GCC_WARN_UNUSED_VARIABLE = YES;
				IPHONEOS_DEPLOYMENT_TARGET = 12.2;
				MTL_ENABLE_DEBUG_INFO = INCLUDE_SOURCE;
				MTL_FAST_MATH = YES;
				ONLY_ACTIVE_ARCH = YES;
				SDKROOT = iphoneos;
				SWIFT_ACTIVE_COMPILATION_CONDITIONS = DEBUG;
				SWIFT_OPTIMIZATION_LEVEL = "-Onone";
			};
			name = Debug;
		};
		879129C9227C84720043C2A3 /* Release */ = {
			isa = XCBuildConfiguration;
			buildSettings = {
				ALWAYS_SEARCH_USER_PATHS = NO;
				CLANG_ANALYZER_NONNULL = YES;
				CLANG_ANALYZER_NUMBER_OBJECT_CONVERSION = YES_AGGRESSIVE;
				CLANG_CXX_LANGUAGE_STANDARD = "gnu++14";
				CLANG_CXX_LIBRARY = "libc++";
				CLANG_ENABLE_MODULES = YES;
				CLANG_ENABLE_OBJC_ARC = YES;
				CLANG_ENABLE_OBJC_WEAK = YES;
				CLANG_WARN_BLOCK_CAPTURE_AUTORELEASING = YES;
				CLANG_WARN_BOOL_CONVERSION = YES;
				CLANG_WARN_COMMA = YES;
				CLANG_WARN_CONSTANT_CONVERSION = YES;
				CLANG_WARN_DEPRECATED_OBJC_IMPLEMENTATIONS = YES;
				CLANG_WARN_DIRECT_OBJC_ISA_USAGE = YES_ERROR;
				CLANG_WARN_DOCUMENTATION_COMMENTS = YES;
				CLANG_WARN_EMPTY_BODY = YES;
				CLANG_WARN_ENUM_CONVERSION = YES;
				CLANG_WARN_INFINITE_RECURSION = YES;
				CLANG_WARN_INT_CONVERSION = YES;
				CLANG_WARN_NON_LITERAL_NULL_CONVERSION = YES;
				CLANG_WARN_OBJC_IMPLICIT_RETAIN_SELF = YES;
				CLANG_WARN_OBJC_LITERAL_CONVERSION = YES;
				CLANG_WARN_OBJC_ROOT_CLASS = YES_ERROR;
				CLANG_WARN_RANGE_LOOP_ANALYSIS = YES;
				CLANG_WARN_STRICT_PROTOTYPES = YES;
				CLANG_WARN_SUSPICIOUS_MOVE = YES;
				CLANG_WARN_UNGUARDED_AVAILABILITY = YES_AGGRESSIVE;
				CLANG_WARN_UNREACHABLE_CODE = YES;
				CLANG_WARN__DUPLICATE_METHOD_MATCH = YES;
				CODE_SIGN_IDENTITY = "iPhone Developer";
				COPY_PHASE_STRIP = NO;
				DEBUG_INFORMATION_FORMAT = "dwarf-with-dsym";
				ENABLE_NS_ASSERTIONS = NO;
				ENABLE_STRICT_OBJC_MSGSEND = YES;
				GCC_C_LANGUAGE_STANDARD = gnu11;
				GCC_NO_COMMON_BLOCKS = YES;
				GCC_WARN_64_TO_32_BIT_CONVERSION = YES;
				GCC_WARN_ABOUT_RETURN_TYPE = YES_ERROR;
				GCC_WARN_UNDECLARED_SELECTOR = YES;
				GCC_WARN_UNINITIALIZED_AUTOS = YES_AGGRESSIVE;
				GCC_WARN_UNUSED_FUNCTION = YES;
				GCC_WARN_UNUSED_VARIABLE = YES;
				IPHONEOS_DEPLOYMENT_TARGET = 12.2;
				MTL_ENABLE_DEBUG_INFO = NO;
				MTL_FAST_MATH = YES;
				SDKROOT = iphoneos;
				SWIFT_COMPILATION_MODE = wholemodule;
				SWIFT_OPTIMIZATION_LEVEL = "-O";
				VALIDATE_PRODUCT = YES;
			};
			name = Release;
		};
		879129CB227C84720043C2A3 /* Debug */ = {
			isa = XCBuildConfiguration;
			buildSettings = {
				ASSETCATALOG_COMPILER_APPICON_NAME = AppIcon;
				CODE_SIGN_STYLE = Automatic;
				DEVELOPMENT_TEAM = PK8U3Q7F56;
				INFOPLIST_FILE = sleepy/Info.plist;
				LD_RUNPATH_SEARCH_PATHS = (
					"$(inherited)",
					"@executable_path/Frameworks",
				);
				PRODUCT_BUNDLE_IDENTIFIER = com.njoroge.sleepy;
				PRODUCT_NAME = "$(TARGET_NAME)";
				SWIFT_VERSION = 5.0;
				TARGETED_DEVICE_FAMILY = "1,2";
			};
			name = Debug;
		};
		879129CC227C84720043C2A3 /* Release */ = {
			isa = XCBuildConfiguration;
			buildSettings = {
				ASSETCATALOG_COMPILER_APPICON_NAME = AppIcon;
				CODE_SIGN_STYLE = Automatic;
				DEVELOPMENT_TEAM = PK8U3Q7F56;
				INFOPLIST_FILE = sleepy/Info.plist;
				LD_RUNPATH_SEARCH_PATHS = (
					"$(inherited)",
					"@executable_path/Frameworks",
				);
				PRODUCT_BUNDLE_IDENTIFIER = com.njoroge.sleepy;
				PRODUCT_NAME = "$(TARGET_NAME)";
				SWIFT_VERSION = 5.0;
				TARGETED_DEVICE_FAMILY = "1,2";
			};
			name = Release;
		};
/* End XCBuildConfiguration section */

/* Begin XCConfigurationList section */
		879129B3227C846F0043C2A3 /* Build configuration list for PBXProject "sleepy" */ = {
			isa = XCConfigurationList;
			buildConfigurations = (
				879129C8227C84720043C2A3 /* Debug */,
				879129C9227C84720043C2A3 /* Release */,
			);
			defaultConfigurationIsVisible = 0;
			defaultConfigurationName = Release;
		};
		879129CA227C84720043C2A3 /* Build configuration list for PBXNativeTarget "sleepy" */ = {
			isa = XCConfigurationList;
			buildConfigurations = (
				879129CB227C84720043C2A3 /* Debug */,
				879129CC227C84720043C2A3 /* Release */,
			);
			defaultConfigurationIsVisible = 0;
			defaultConfigurationName = Release;
		};
/* End XCConfigurationList section */
	};
	rootObject = 879129B0227C846F0043C2A3 /* Project object */;
}
